
Microsoft Visual Studio Solution File, Format Version 12.00
# Visual Studio Version 16
VisualStudioVersion = 16.0.33423.256
MinimumVisualStudioVersion = 10.0.40219.1
Project("{FAE04EC0-301F-11D3-BF4B-00C04F79EFBC}") = "DatabaseFirstDemo", "DatabaseFirstDemo\DatabaseFirstDemo.csproj", "{E35AB655-813B-4928-9FC8-DA70D1B3010E}"
EndProject
Project("{FAE04EC0-301F-11D3-BF4B-00C04F79EFBC}") = "CodeFirstDemo", "CodeFirstDemo\CodeFirstDemo.csproj", "{73862D97-64E5-40B9-8325-C9653814844C}"
EndProject
Project("{2150E333-8FDC-42A3-9474-1A3956D46DE8}") = "Solution Items", "Solution Items", "{9F771CC7-F0ED-4281-8D09-C7E33505913D}"
	ProjectSection(SolutionItems) = preProject
		Readme.md = Readme.md
	EndProjectSection
EndProject
Project("{FAE04EC0-301F-11D3-BF4B-00C04F79EFBC}") = "DbFirst", "DbFirst\DbFirst.csproj", "{4A0BFAA0-EB7D-442E-B701-665D84370614}"
EndProject
Project("{2150E333-8FDC-42A3-9474-1A3956D46DE8}") = "Exercises", "Exercises", "{04D8600C-2899-4F72-A2B1-053593D8A609}"
EndProject
Project("{FAE04EC0-301F-11D3-BF4B-00C04F79EFBC}") = "DbFirst.Vidzy", "DbFirst.Vidzy\DbFirst.Vidzy.csproj", "{4FD9C04A-8A13-4B08-BC59-0E436F337866}"
EndProject
Project("{FAE04EC0-301F-11D3-BF4B-00C04F79EFBC}") = "CodeFirst", "CodeFirst\CodeFirst.csproj", "{57BA8E88-1B4B-4123-B793-4E4380CC41B5}"
EndProject
Project("{2150E333-8FDC-42A3-9474-1A3956D46DE8}") = "CodeFirstProjects", "CodeFirstProjects", "{A4B7ED80-5DF5-47D8-A391-F556353A9AA5}"
EndProject
Project("{FAE04EC0-301F-11D3-BF4B-00C04F79EFBC}") = "CodeFirstExistingDatabase", "CodeFirstExistingDatabase\CodeFirstExistingDatabase.csproj", "{9F28385B-3213-4D5A-9C84-19BE100687E7}"
EndProject
Project("{FAE04EC0-301F-11D3-BF4B-00C04F79EFBC}") = "CodeFirst.Vitzy", "CodeFirst.Vitzy\CodeFirst.Vitzy.csproj", "{813AD356-94DD-4617-9721-3FB49D3D3827}"
EndProject
Global
	GlobalSection(SolutionConfigurationPlatforms) = preSolution
		Debug|Any CPU = Debug|Any CPU
		Release|Any CPU = Release|Any CPU
	EndGlobalSection
	GlobalSection(ProjectConfigurationPlatforms) = postSolution
		{E35AB655-813B-4928-9FC8-DA70D1B3010E}.Debug|Any CPU.ActiveCfg = Debug|Any CPU
		{E35AB655-813B-4928-9FC8-DA70D1B3010E}.Debug|Any CPU.Build.0 = Debug|Any CPU
		{E35AB655-813B-4928-9FC8-DA70D1B3010E}.Release|Any CPU.ActiveCfg = Release|Any CPU
		{E35AB655-813B-4928-9FC8-DA70D1B3010E}.Release|Any CPU.Build.0 = Release|Any CPU
		{73862D97-64E5-40B9-8325-C9653814844C}.Debug|Any CPU.ActiveCfg = Debug|Any CPU
		{73862D97-64E5-40B9-8325-C9653814844C}.Debug|Any CPU.Build.0 = Debug|Any CPU
		{73862D97-64E5-40B9-8325-C9653814844C}.Release|Any CPU.ActiveCfg = Release|Any CPU
		{73862D97-64E5-40B9-8325-C9653814844C}.Release|Any CPU.Build.0 = Release|Any CPU
		{4A0BFAA0-EB7D-442E-B701-665D84370614}.Debug|Any CPU.ActiveCfg = Debug|Any CPU
		{4A0BFAA0-EB7D-442E-B701-665D84370614}.Debug|Any CPU.Build.0 = Debug|Any CPU
		{4A0BFAA0-EB7D-442E-B701-665D84370614}.Release|Any CPU.ActiveCfg = Release|Any CPU
		{4A0BFAA0-EB7D-442E-B701-665D84370614}.Release|Any CPU.Build.0 = Release|Any CPU
		{4FD9C04A-8A13-4B08-BC59-0E436F337866}.Debug|Any CPU.ActiveCfg = Debug|Any CPU
		{4FD9C04A-8A13-4B08-BC59-0E436F337866}.Debug|Any CPU.Build.0 = Debug|Any CPU
		{4FD9C04A-8A13-4B08-BC59-0E436F337866}.Release|Any CPU.ActiveCfg = Release|Any CPU
		{4FD9C04A-8A13-4B08-BC59-0E436F337866}.Release|Any CPU.Build.0 = Release|Any CPU
		{57BA8E88-1B4B-4123-B793-4E4380CC41B5}.Debug|Any CPU.ActiveCfg = Debug|Any CPU
		{57BA8E88-1B4B-4123-B793-4E4380CC41B5}.Debug|Any CPU.Build.0 = Debug|Any CPU
		{57BA8E88-1B4B-4123-B793-4E4380CC41B5}.Release|Any CPU.ActiveCfg = Release|Any CPU
		{57BA8E88-1B4B-4123-B793-4E4380CC41B5}.Release|Any CPU.Build.0 = Release|Any CPU
		{9F28385B-3213-4D5A-9C84-19BE100687E7}.Debug|Any CPU.ActiveCfg = Debug|Any CPU
		{9F28385B-3213-4D5A-9C84-19BE100687E7}.Debug|Any CPU.Build.0 = Debug|Any CPU
		{9F28385B-3213-4D5A-9C84-19BE100687E7}.Release|Any CPU.ActiveCfg = Release|Any CPU
		{9F28385B-3213-4D5A-9C84-19BE100687E7}.Release|Any CPU.Build.0 = Release|Any CPU
		{813AD356-94DD-4617-9721-3FB49D3D3827}.Debug|Any CPU.ActiveCfg = Debug|Any CPU
		{813AD356-94DD-4617-9721-3FB49D3D3827}.Debug|Any CPU.Build.0 = Debug|Any CPU
		{813AD356-94DD-4617-9721-3FB49D3D3827}.Release|Any CPU.ActiveCfg = Release|Any CPU
		{813AD356-94DD-4617-9721-3FB49D3D3827}.Release|Any CPU.Build.0 = Release|Any CPU
	EndGlobalSection
	GlobalSection(SolutionProperties) = preSolution
		HideSolutionNode = FALSE
	EndGlobalSection
	GlobalSection(NestedProjects) = preSolution
		{4FD9C04A-8A13-4B08-BC59-0E436F337866} = {04D8600C-2899-4F72-A2B1-053593D8A609}
		{57BA8E88-1B4B-4123-B793-4E4380CC41B5} = {A4B7ED80-5DF5-47D8-A391-F556353A9AA5}
		{9F28385B-3213-4D5A-9C84-19BE100687E7} = {A4B7ED80-5DF5-47D8-A391-F556353A9AA5}
		{813AD356-94DD-4617-9721-3FB49D3D3827} = {04D8600C-2899-4F72-A2B1-053593D8A609}
	EndGlobalSection
	GlobalSection(ExtensibilityGlobals) = postSolution
		SolutionGuid = {8BB43087-8CB0-4117-B726-BDAEDE4A7CE6}
	EndGlobalSection
EndGlobal
